{
  "originHash" : "ee3229714908e3c857719048c3409854fc3f1e5b5e5f734de4e22d364666ebcd",
  "pins" : [
    {
      "identity" : "truffle",
      "kind" : "remoteSourceControl",
      "location" : "https://github.com/vibecook-dev/truffle.git",
      "state" : {
        "revision" : "2cf5732bbeda8e3a2b9c3e444f471f303b6b8040",
        "version" : "0.7.12"
      }
    }
  ],
  "version" : 3
}
