// !$*UTF8*$!
{
	archiveVersion = 1;
	classes = {};
	objectVersion = 56;
	objects = {

/* Begin PBXBuildFile section */
		100000000000000000000001 /* GhostteaApp.swift in Sources */ = {isa = PBXBuildFile; fileRef = 200000000000000000000001 /* GhostteaApp.swift */; };
		100000000000000000000002 /* GhostteaAppModel.swift in Sources */ = {isa = PBXBuildFile; fileRef = 200000000000000000000002 /* GhostteaAppModel.swift */; };
		100000000000000000000003 /* GhostteaContentView.swift in Sources */ = {isa = PBXBuildFile; fileRef = 200000000000000000000003 /* GhostteaContentView.swift */; };
		100000000000000000000004 /* GhostteaSharedTerminalSurface.swift in Sources */ = {isa = PBXBuildFile; fileRef = 200000000000000000000004 /* GhostteaSharedTerminalSurface.swift */; };
		100000000000000000000005 /* GhostteaCore in Frameworks */ = {isa = PBXBuildFile; productRef = A00000000000000000000001 /* GhostteaCore */; };
		100000000000000000000006 /* GhostteaTerminal in Frameworks */ = {isa = PBXBuildFile; productRef = A00000000000000000000002 /* GhostteaTerminal */; };
		100000000000000000000007 /* GhostteaTruffle in Frameworks */ = {isa = PBXBuildFile; productRef = A00000000000000000000003 /* GhostteaTruffle */; };
		100000000000000000000008 /* GhostteaSSHAppModel.swift in Sources */ = {isa = PBXBuildFile; fileRef = 200000000000000000000006 /* GhostteaSSHAppModel.swift */; };
		100000000000000000000009 /* GhostteaSSHView.swift in Sources */ = {isa = PBXBuildFile; fileRef = 200000000000000000000007 /* GhostteaSSHView.swift */; };
		10000000000000000000000A /* GhostteaConnectionProfiles in Frameworks */ = {isa = PBXBuildFile; productRef = A00000000000000000000004 /* GhostteaConnectionProfiles */; };
		10000000000000000000000B /* GhostteaConnectionProfilesUI in Frameworks */ = {isa = PBXBuildFile; productRef = A00000000000000000000005 /* GhostteaConnectionProfilesUI */; };
		10000000000000000000000C /* GhostteaCredentials in Frameworks */ = {isa = PBXBuildFile; productRef = A00000000000000000000006 /* GhostteaCredentials */; };
		10000000000000000000000D /* GhostteaSSH in Frameworks */ = {isa = PBXBuildFile; productRef = A00000000000000000000007 /* GhostteaSSH */; };
		10000000000000000000000E /* GhostteaSession in Frameworks */ = {isa = PBXBuildFile; productRef = A00000000000000000000008 /* GhostteaSession */; };
		10000000000000000000000F /* GhostteaTransport in Frameworks */ = {isa = PBXBuildFile; productRef = A00000000000000000000009 /* GhostteaTransport */; };
		100000000000000000000010 /* GhostteaSSHWorkspace in Frameworks */ = {isa = PBXBuildFile; productRef = A0000000000000000000000A /* GhostteaSSHWorkspace */; };
		100000000000000000000011 /* GhostteaWorkspace in Frameworks */ = {isa = PBXBuildFile; productRef = A0000000000000000000000B /* GhostteaWorkspace */; };
		100000000000000000000012 /* GhostteaWorkspaceUI in Frameworks */ = {isa = PBXBuildFile; productRef = A0000000000000000000000C /* GhostteaWorkspaceUI */; };
/* End PBXBuildFile section */

/* Begin PBXFileReference section */
		200000000000000000000001 /* GhostteaApp.swift */ = {isa = PBXFileReference; lastKnownFileType = sourcecode.swift; path = GhostteaApp.swift; sourceTree = "<group>"; };
		200000000000000000000002 /* GhostteaAppModel.swift */ = {isa = PBXFileReference; lastKnownFileType = sourcecode.swift; path = GhostteaAppModel.swift; sourceTree = "<group>"; };
		200000000000000000000003 /* GhostteaContentView.swift */ = {isa = PBXFileReference; lastKnownFileType = sourcecode.swift; path = GhostteaContentView.swift; sourceTree = "<group>"; };
		200000000000000000000004 /* GhostteaSharedTerminalSurface.swift */ = {isa = PBXFileReference; lastKnownFileType = sourcecode.swift; path = GhostteaSharedTerminalSurface.swift; sourceTree = "<group>"; };
		200000000000000000000005 /* Ghosttea.app */ = {isa = PBXFileReference; explicitFileType = wrapper.application; includeInIndex = 0; path = Ghosttea.app; sourceTree = BUILT_PRODUCTS_DIR; };
		200000000000000000000006 /* GhostteaSSHAppModel.swift */ = {isa = PBXFileReference; lastKnownFileType = sourcecode.swift; path = GhostteaSSHAppModel.swift; sourceTree = "<group>"; };
		200000000000000000000007 /* GhostteaSSHView.swift */ = {isa = PBXFileReference; lastKnownFileType = sourcecode.swift; path = GhostteaSSHView.swift; sourceTree = "<group>"; };
/* End PBXFileReference section */

/* Begin PBXFrameworksBuildPhase section */
		300000000000000000000001 /* Frameworks */ = {
			isa = PBXFrameworksBuildPhase;
			buildActionMask = 2147483647;
			files = (
				100000000000000000000005 /* GhostteaCore in Frameworks */,
				100000000000000000000006 /* GhostteaTerminal in Frameworks */,
				100000000000000000000007 /* GhostteaTruffle in Frameworks */,
				10000000000000000000000A /* GhostteaConnectionProfiles in Frameworks */,
				10000000000000000000000B /* GhostteaConnectionProfilesUI in Frameworks */,
				10000000000000000000000C /* GhostteaCredentials in Frameworks */,
				10000000000000000000000D /* GhostteaSSH in Frameworks */,
				10000000000000000000000E /* GhostteaSession in Frameworks */,
				10000000000000000000000F /* GhostteaTransport in Frameworks */,
				100000000000000000000010 /* GhostteaSSHWorkspace in Frameworks */,
				100000000000000000000011 /* GhostteaWorkspace in Frameworks */,
				100000000000000000000012 /* GhostteaWorkspaceUI in Frameworks */,
			);
			runOnlyForDeploymentPostprocessing = 0;
		};
/* End PBXFrameworksBuildPhase section */

/* Begin PBXGroup section */
		400000000000000000000001 = {
			isa = PBXGroup;
			children = (
				400000000000000000000002 /* App */,
				400000000000000000000003 /* Products */,
			);
			sourceTree = "<group>";
		};
		400000000000000000000002 /* App */ = {
			isa = PBXGroup;
			children = (
				200000000000000000000001 /* GhostteaApp.swift */,
				200000000000000000000002 /* GhostteaAppModel.swift */,
				200000000000000000000003 /* GhostteaContentView.swift */,
				200000000000000000000004 /* GhostteaSharedTerminalSurface.swift */,
				200000000000000000000006 /* GhostteaSSHAppModel.swift */,
				200000000000000000000007 /* GhostteaSSHView.swift */,
			);
			path = App;
			sourceTree = "<group>";
		};
		400000000000000000000003 /* Products */ = {
			isa = PBXGroup;
			children = (
				200000000000000000000005 /* Ghosttea.app */,
			);
			name = Products;
			sourceTree = "<group>";
		};
/* End PBXGroup section */

/* Begin PBXNativeTarget section */
		500000000000000000000001 /* Ghosttea */ = {
			isa = PBXNativeTarget;
			buildConfigurationList = 900000000000000000000002 /* Build configuration list for PBXNativeTarget "Ghosttea" */;
			buildPhases = (
				600000000000000000000001 /* Sources */,
				300000000000000000000001 /* Frameworks */,
				700000000000000000000001 /* Resources */,
			);
			buildRules = ();
			dependencies = ();
			name = Ghosttea;
			packageProductDependencies = (
				A00000000000000000000001 /* GhostteaCore */,
				A00000000000000000000002 /* GhostteaTerminal */,
				A00000000000000000000003 /* GhostteaTruffle */,
				A00000000000000000000004 /* GhostteaConnectionProfiles */,
				A00000000000000000000005 /* GhostteaConnectionProfilesUI */,
				A00000000000000000000006 /* GhostteaCredentials */,
				A00000000000000000000007 /* GhostteaSSH */,
				A00000000000000000000008 /* GhostteaSession */,
				A00000000000000000000009 /* GhostteaTransport */,
				A0000000000000000000000A /* GhostteaSSHWorkspace */,
				A0000000000000000000000B /* GhostteaWorkspace */,
				A0000000000000000000000C /* GhostteaWorkspaceUI */,
			);
			productName = Ghosttea;
			productReference = 200000000000000000000005 /* Ghosttea.app */;
			productType = "com.apple.product-type.application";
		};
/* End PBXNativeTarget section */

/* Begin PBXProject section */
		800000000000000000000001 /* Project object */ = {
			isa = PBXProject;
			attributes = {
				BuildIndependentTargetsInParallel = 1;
				LastSwiftUpdateCheck = 2610;
				LastUpgradeCheck = 2610;
				TargetAttributes = {
					500000000000000000000001 = { CreatedOnToolsVersion = 26.1; };
				};
			};
			buildConfigurationList = 900000000000000000000001 /* Build configuration list for PBXProject "GhostteaApp" */;
			compatibilityVersion = "Xcode 14.0";
			developmentRegion = en;
			hasScannedForEncodings = 0;
			knownRegions = (en, Base);
			mainGroup = 400000000000000000000001;
			packageReferences = (
				B00000000000000000000001 /* XCLocalSwiftPackageReference "GhostteaKit" */,
			);
			productRefGroup = 400000000000000000000003 /* Products */;
			projectDirPath = "";
			projectRoot = "";
			targets = (500000000000000000000001 /* Ghosttea */);
		};
/* End PBXProject section */

/* Begin PBXResourcesBuildPhase section */
		700000000000000000000001 /* Resources */ = {
			isa = PBXResourcesBuildPhase;
			buildActionMask = 2147483647;
			files = ();
			runOnlyForDeploymentPostprocessing = 0;
		};
/* End PBXResourcesBuildPhase section */

/* Begin PBXSourcesBuildPhase section */
		600000000000000000000001 /* Sources */ = {
			isa = PBXSourcesBuildPhase;
			buildActionMask = 2147483647;
			files = (
				100000000000000000000001 /* GhostteaApp.swift in Sources */,
				100000000000000000000002 /* GhostteaAppModel.swift in Sources */,
				100000000000000000000003 /* GhostteaContentView.swift in Sources */,
				100000000000000000000004 /* GhostteaSharedTerminalSurface.swift in Sources */,
				100000000000000000000008 /* GhostteaSSHAppModel.swift in Sources */,
				100000000000000000000009 /* GhostteaSSHView.swift in Sources */,
			);
			runOnlyForDeploymentPostprocessing = 0;
		};
/* End PBXSourcesBuildPhase section */

/* Begin XCBuildConfiguration section */
		C00000000000000000000001 /* Debug */ = {
			isa = XCBuildConfiguration;
			buildSettings = {
				ALWAYS_SEARCH_USER_PATHS = NO;
				CLANG_ENABLE_MODULES = YES;
				CLANG_ENABLE_OBJC_ARC = YES;
				COPY_PHASE_STRIP = NO;
				DEBUG_INFORMATION_FORMAT = dwarf;
				ENABLE_TESTABILITY = YES;
				GCC_C_LANGUAGE_STANDARD = gnu17;
				GCC_OPTIMIZATION_LEVEL = 0;
				ONLY_ACTIVE_ARCH = YES;
				SDKROOT = iphoneos;
				SWIFT_ACTIVE_COMPILATION_CONDITIONS = "DEBUG $(inherited)";
				SWIFT_OPTIMIZATION_LEVEL = "-Onone";
			};
			name = Debug;
		};
		C00000000000000000000002 /* Release */ = {
			isa = XCBuildConfiguration;
			buildSettings = {
				ALWAYS_SEARCH_USER_PATHS = NO;
				CLANG_ENABLE_MODULES = YES;
				CLANG_ENABLE_OBJC_ARC = YES;
				COPY_PHASE_STRIP = YES;
				DEBUG_INFORMATION_FORMAT = "dwarf-with-dsym";
				GCC_C_LANGUAGE_STANDARD = gnu17;
				SDKROOT = iphoneos;
				SWIFT_COMPILATION_MODE = wholemodule;
				SWIFT_OPTIMIZATION_LEVEL = "-O";
			};
			name = Release;
		};
		C00000000000000000000003 /* Debug */ = {
			isa = XCBuildConfiguration;
			buildSettings = {
				CODE_SIGN_STYLE = Automatic;
				CURRENT_PROJECT_VERSION = 1;
				DEVELOPMENT_TEAM = "";
				ENABLE_PREVIEWS = YES;
				GENERATE_INFOPLIST_FILE = YES;
				INFOPLIST_KEY_CFBundleDisplayName = Ghosttea;
				INFOPLIST_KEY_LSApplicationCategoryType = "public.app-category.developer-tools";
				INFOPLIST_KEY_NSLocalNetworkUsageDescription = "Ghosttea connects to your desktops and SSH servers over your private network.";
				INFOPLIST_KEY_UIApplicationSceneManifest_Generation = YES;
				INFOPLIST_KEY_UILaunchScreen_Generation = YES;
				INFOPLIST_KEY_UISupportedInterfaceOrientations = "UIInterfaceOrientationPortrait UIInterfaceOrientationPortraitUpsideDown UIInterfaceOrientationLandscapeLeft UIInterfaceOrientationLandscapeRight";
				"EXCLUDED_ARCHS[sdk=iphonesimulator*]" = x86_64;
				IPHONEOS_DEPLOYMENT_TARGET = 18.1;
				LD_RUNPATH_SEARCH_PATHS = "$(inherited) @executable_path/Frameworks";
				MARKETING_VERSION = 0.1;
				PRODUCT_BUNDLE_IDENTIFIER = com.vibecook.Ghosttea;
				PRODUCT_NAME = "$(TARGET_NAME)";
				SUPPORTED_PLATFORMS = "iphoneos iphonesimulator";
				SUPPORTS_MACCATALYST = NO;
				SWIFT_STRICT_CONCURRENCY = complete;
				SWIFT_VERSION = 6.0;
				TARGETED_DEVICE_FAMILY = "1,2";
			};
			name = Debug;
		};
		C00000000000000000000004 /* Release */ = {
			isa = XCBuildConfiguration;
			buildSettings = {
				CODE_SIGN_STYLE = Automatic;
				CURRENT_PROJECT_VERSION = 1;
				DEVELOPMENT_TEAM = "";
				GENERATE_INFOPLIST_FILE = YES;
				INFOPLIST_KEY_CFBundleDisplayName = Ghosttea;
				INFOPLIST_KEY_LSApplicationCategoryType = "public.app-category.developer-tools";
				INFOPLIST_KEY_NSLocalNetworkUsageDescription = "Ghosttea connects to your desktops and SSH servers over your private network.";
				INFOPLIST_KEY_UIApplicationSceneManifest_Generation = YES;
				INFOPLIST_KEY_UILaunchScreen_Generation = YES;
				INFOPLIST_KEY_UISupportedInterfaceOrientations = "UIInterfaceOrientationPortrait UIInterfaceOrientationPortraitUpsideDown UIInterfaceOrientationLandscapeLeft UIInterfaceOrientationLandscapeRight";
				"EXCLUDED_ARCHS[sdk=iphonesimulator*]" = x86_64;
				IPHONEOS_DEPLOYMENT_TARGET = 18.1;
				LD_RUNPATH_SEARCH_PATHS = "$(inherited) @executable_path/Frameworks";
				MARKETING_VERSION = 0.1;
				PRODUCT_BUNDLE_IDENTIFIER = com.vibecook.Ghosttea;
				PRODUCT_NAME = "$(TARGET_NAME)";
				SUPPORTED_PLATFORMS = "iphoneos iphonesimulator";
				SUPPORTS_MACCATALYST = NO;
				SWIFT_STRICT_CONCURRENCY = complete;
				SWIFT_VERSION = 6.0;
				TARGETED_DEVICE_FAMILY = "1,2";
				VALIDATE_PRODUCT = YES;
			};
			name = Release;
		};
/* End XCBuildConfiguration section */

/* Begin XCConfigurationList section */
		900000000000000000000001 /* Build configuration list for PBXProject "GhostteaApp" */ = {
			isa = XCConfigurationList;
			buildConfigurations = (C00000000000000000000001, C00000000000000000000002);
			defaultConfigurationIsVisible = 0;
			defaultConfigurationName = Release;
		};
		900000000000000000000002 /* Build configuration list for PBXNativeTarget "Ghosttea" */ = {
			isa = XCConfigurationList;
			buildConfigurations = (C00000000000000000000003, C00000000000000000000004);
			defaultConfigurationIsVisible = 0;
			defaultConfigurationName = Release;
		};
/* End XCConfigurationList section */

/* Begin XCLocalSwiftPackageReference section */
		B00000000000000000000001 /* XCLocalSwiftPackageReference "GhostteaKit" */ = {
			isa = XCLocalSwiftPackageReference;
			relativePath = ../GhostteaKit;
		};
/* End XCLocalSwiftPackageReference section */

/* Begin XCSwiftPackageProductDependency section */
		A00000000000000000000001 /* GhostteaCore */ = {
			isa = XCSwiftPackageProductDependency;
			package = B00000000000000000000001 /* XCLocalSwiftPackageReference "GhostteaKit" */;
			productName = GhostteaCore;
		};
		A00000000000000000000002 /* GhostteaTerminal */ = {
			isa = XCSwiftPackageProductDependency;
			package = B00000000000000000000001 /* XCLocalSwiftPackageReference "GhostteaKit" */;
			productName = GhostteaTerminal;
		};
		A00000000000000000000003 /* GhostteaTruffle */ = {
			isa = XCSwiftPackageProductDependency;
			package = B00000000000000000000001 /* XCLocalSwiftPackageReference "GhostteaKit" */;
			productName = GhostteaTruffle;
		};
		A00000000000000000000004 /* GhostteaConnectionProfiles */ = {
			isa = XCSwiftPackageProductDependency;
			package = B00000000000000000000001 /* XCLocalSwiftPackageReference "GhostteaKit" */;
			productName = GhostteaConnectionProfiles;
		};
		A00000000000000000000005 /* GhostteaConnectionProfilesUI */ = {
			isa = XCSwiftPackageProductDependency;
			package = B00000000000000000000001 /* XCLocalSwiftPackageReference "GhostteaKit" */;
			productName = GhostteaConnectionProfilesUI;
		};
		A00000000000000000000006 /* GhostteaCredentials */ = {
			isa = XCSwiftPackageProductDependency;
			package = B00000000000000000000001 /* XCLocalSwiftPackageReference "GhostteaKit" */;
			productName = GhostteaCredentials;
		};
		A00000000000000000000007 /* GhostteaSSH */ = {
			isa = XCSwiftPackageProductDependency;
			package = B00000000000000000000001 /* XCLocalSwiftPackageReference "GhostteaKit" */;
			productName = GhostteaSSH;
		};
		A00000000000000000000008 /* GhostteaSession */ = {
			isa = XCSwiftPackageProductDependency;
			package = B00000000000000000000001 /* XCLocalSwiftPackageReference "GhostteaKit" */;
			productName = GhostteaSession;
		};
		A00000000000000000000009 /* GhostteaTransport */ = {
			isa = XCSwiftPackageProductDependency;
			package = B00000000000000000000001 /* XCLocalSwiftPackageReference "GhostteaKit" */;
			productName = GhostteaTransport;
		};
		A0000000000000000000000A /* GhostteaSSHWorkspace */ = {
			isa = XCSwiftPackageProductDependency;
			package = B00000000000000000000001 /* XCLocalSwiftPackageReference "GhostteaKit" */;
			productName = GhostteaSSHWorkspace;
		};
		A0000000000000000000000B /* GhostteaWorkspace */ = {
			isa = XCSwiftPackageProductDependency;
			package = B00000000000000000000001 /* XCLocalSwiftPackageReference "GhostteaKit" */;
			productName = GhostteaWorkspace;
		};
		A0000000000000000000000C /* GhostteaWorkspaceUI */ = {
			isa = XCSwiftPackageProductDependency;
			package = B00000000000000000000001 /* XCLocalSwiftPackageReference "GhostteaKit" */;
			productName = GhostteaWorkspaceUI;
		};
/* End XCSwiftPackageProductDependency section */
	};
	rootObject = 800000000000000000000001 /* Project object */;
}
