// !$*UTF8*$!
{
	archiveVersion = 1;
	classes = {
	};
	objectVersion = 56;
	objects = {

/* Begin PBXBuildFile section */
		100000000000000000000001 /* GhostteaHarnessApp.swift in Sources */ = {isa = PBXBuildFile; fileRef = 200000000000000000000001 /* GhostteaHarnessApp.swift */; };
		100000000000000000000002 /* ContentView.swift in Sources */ = {isa = PBXBuildFile; fileRef = 200000000000000000000002 /* ContentView.swift */; };
		100000000000000000000003 /* HarnessModel.swift in Sources */ = {isa = PBXBuildFile; fileRef = 200000000000000000000003 /* HarnessModel.swift */; };
		100000000000000000000004 /* HarnessDiagnostics.swift in Sources */ = {isa = PBXBuildFile; fileRef = 200000000000000000000004 /* HarnessDiagnostics.swift */; };
		100000000000000000000005 /* GhosttyVtProof in Frameworks */ = {isa = PBXBuildFile; productRef = A00000000000000000000001 /* GhosttyVtProof */; };
		100000000000000000000006 /* GhostteaSSH in Frameworks */ = {isa = PBXBuildFile; productRef = A00000000000000000000002 /* GhostteaSSH */; };
		100000000000000000000007 /* GhostteaCredentials in Frameworks */ = {isa = PBXBuildFile; productRef = A00000000000000000000003 /* GhostteaCredentials */; };
		100000000000000000000008 /* GhostteaFontProof in Frameworks */ = {isa = PBXBuildFile; productRef = A00000000000000000000004 /* GhostteaFontProof */; };
		100000000000000000000009 /* GhostteaCore in Frameworks */ = {isa = PBXBuildFile; productRef = A00000000000000000000005 /* GhostteaCore */; };
		100000000000000000000010 /* GhostteaTerminal in Frameworks */ = {isa = PBXBuildFile; productRef = A00000000000000000000006 /* GhostteaTerminal */; };
		100000000000000000000011 /* GhostteaSession in Frameworks */ = {isa = PBXBuildFile; productRef = A00000000000000000000007 /* GhostteaSession */; };
		100000000000000000000012 /* GhostteaWorkspace in Frameworks */ = {isa = PBXBuildFile; productRef = A00000000000000000000008 /* GhostteaWorkspace */; };
		100000000000000000000013 /* GhostteaWorkspaceUI in Frameworks */ = {isa = PBXBuildFile; productRef = A00000000000000000000009 /* GhostteaWorkspaceUI */; };
		100000000000000000000014 /* GhostteaSSHWorkspace in Frameworks */ = {isa = PBXBuildFile; productRef = A00000000000000000000010 /* GhostteaSSHWorkspace */; };
		100000000000000000000015 /* GhostteaConnectionProfiles in Frameworks */ = {isa = PBXBuildFile; productRef = A00000000000000000000011 /* GhostteaConnectionProfiles */; };
		100000000000000000000016 /* GhostteaConnectionProfilesUI in Frameworks */ = {isa = PBXBuildFile; productRef = A00000000000000000000012 /* GhostteaConnectionProfilesUI */; };
/* End PBXBuildFile section */

/* Begin PBXFileReference section */
		200000000000000000000001 /* GhostteaHarnessApp.swift */ = {isa = PBXFileReference; lastKnownFileType = sourcecode.swift; path = GhostteaHarnessApp.swift; sourceTree = "<group>"; };
		200000000000000000000002 /* ContentView.swift */ = {isa = PBXFileReference; lastKnownFileType = sourcecode.swift; path = ContentView.swift; sourceTree = "<group>"; };
		200000000000000000000003 /* HarnessModel.swift */ = {isa = PBXFileReference; lastKnownFileType = sourcecode.swift; path = HarnessModel.swift; sourceTree = "<group>"; };
		200000000000000000000004 /* HarnessDiagnostics.swift */ = {isa = PBXFileReference; lastKnownFileType = sourcecode.swift; path = HarnessDiagnostics.swift; sourceTree = "<group>"; };
		200000000000000000000005 /* GhostteaHarness.app */ = {isa = PBXFileReference; explicitFileType = wrapper.application; includeInIndex = 0; path = GhostteaHarness.app; sourceTree = BUILT_PRODUCTS_DIR; };
/* End PBXFileReference section */

/* Begin PBXFrameworksBuildPhase section */
		300000000000000000000001 /* Frameworks */ = {
			isa = PBXFrameworksBuildPhase;
			buildActionMask = 2147483647;
			files = (
				100000000000000000000007 /* GhostteaCredentials in Frameworks */,
				100000000000000000000008 /* GhostteaFontProof in Frameworks */,
				100000000000000000000009 /* GhostteaCore in Frameworks */,
				100000000000000000000010 /* GhostteaTerminal in Frameworks */,
				100000000000000000000011 /* GhostteaSession in Frameworks */,
				100000000000000000000012 /* GhostteaWorkspace in Frameworks */,
				100000000000000000000013 /* GhostteaWorkspaceUI in Frameworks */,
				100000000000000000000014 /* GhostteaSSHWorkspace in Frameworks */,
				100000000000000000000015 /* GhostteaConnectionProfiles in Frameworks */,
				100000000000000000000016 /* GhostteaConnectionProfilesUI in Frameworks */,
				100000000000000000000005 /* GhosttyVtProof in Frameworks */,
				100000000000000000000006 /* GhostteaSSH in Frameworks */,
			);
			runOnlyForDeploymentPostprocessing = 0;
		};
/* End PBXFrameworksBuildPhase section */

/* Begin PBXGroup section */
		400000000000000000000001 = {
			isa = PBXGroup;
			children = (
				400000000000000000000002 /* App */,
				400000000000000000000003 /* Products */,
			);
			sourceTree = "<group>";
		};
		400000000000000000000002 /* App */ = {
			isa = PBXGroup;
			children = (
				200000000000000000000001 /* GhostteaHarnessApp.swift */,
				200000000000000000000002 /* ContentView.swift */,
				200000000000000000000003 /* HarnessModel.swift */,
				200000000000000000000004 /* HarnessDiagnostics.swift */,
			);
			path = App;
			sourceTree = "<group>";
		};
		400000000000000000000003 /* Products */ = {
			isa = PBXGroup;
			children = (
				200000000000000000000005 /* GhostteaHarness.app */,
			);
			name = Products;
			sourceTree = "<group>";
		};
/* End PBXGroup section */

/* Begin PBXNativeTarget section */
		500000000000000000000001 /* GhostteaHarness */ = {
			isa = PBXNativeTarget;
			buildConfigurationList = 900000000000000000000002 /* Build configuration list for PBXNativeTarget "GhostteaHarness" */;
			buildPhases = (
				600000000000000000000001 /* Sources */,
				300000000000000000000001 /* Frameworks */,
				700000000000000000000001 /* Resources */,
			);
			buildRules = (
			);
			dependencies = (
			);
			name = GhostteaHarness;
			packageProductDependencies = (
				A00000000000000000000001 /* GhosttyVtProof */,
				A00000000000000000000002 /* GhostteaSSH */,
				A00000000000000000000003 /* GhostteaCredentials */,
				A00000000000000000000004 /* GhostteaFontProof */,
				A00000000000000000000005 /* GhostteaCore */,
				A00000000000000000000006 /* GhostteaTerminal */,
				A00000000000000000000007 /* GhostteaSession */,
				A00000000000000000000008 /* GhostteaWorkspace */,
				A00000000000000000000009 /* GhostteaWorkspaceUI */,
				A00000000000000000000010 /* GhostteaSSHWorkspace */,
				A00000000000000000000011 /* GhostteaConnectionProfiles */,
				A00000000000000000000012 /* GhostteaConnectionProfilesUI */,
			);
			productName = GhostteaHarness;
			productReference = 200000000000000000000005 /* GhostteaHarness.app */;
			productType = "com.apple.product-type.application";
		};
/* End PBXNativeTarget section */

/* Begin PBXProject section */
		800000000000000000000001 /* Project object */ = {
			isa = PBXProject;
			attributes = {
				BuildIndependentTargetsInParallel = 1;
				LastSwiftUpdateCheck = 2610;
				LastUpgradeCheck = 2610;
				TargetAttributes = {
					500000000000000000000001 = {
						CreatedOnToolsVersion = 26.1;
					};
				};
			};
			buildConfigurationList = 900000000000000000000001 /* Build configuration list for PBXProject "GhostteaHarness" */;
			compatibilityVersion = "Xcode 14.0";
			developmentRegion = en;
			hasScannedForEncodings = 0;
			knownRegions = (
				en,
				Base,
			);
			mainGroup = 400000000000000000000001;
			packageReferences = (
				B00000000000000000000001 /* XCLocalSwiftPackageReference "GhostteaKit" */,
			);
			productRefGroup = 400000000000000000000003 /* Products */;
			projectDirPath = "";
			projectRoot = "";
			targets = (
				500000000000000000000001 /* GhostteaHarness */,
			);
		};
/* End PBXProject section */

/* Begin PBXResourcesBuildPhase section */
		700000000000000000000001 /* Resources */ = {
			isa = PBXResourcesBuildPhase;
			buildActionMask = 2147483647;
			files = (
			);
			runOnlyForDeploymentPostprocessing = 0;
		};
/* End PBXResourcesBuildPhase section */

/* Begin PBXSourcesBuildPhase section */
		600000000000000000000001 /* Sources */ = {
			isa = PBXSourcesBuildPhase;
			buildActionMask = 2147483647;
			files = (
				100000000000000000000001 /* GhostteaHarnessApp.swift in Sources */,
				100000000000000000000002 /* ContentView.swift in Sources */,
				100000000000000000000003 /* HarnessModel.swift in Sources */,
				100000000000000000000004 /* HarnessDiagnostics.swift in Sources */,
			);
			runOnlyForDeploymentPostprocessing = 0;
		};
/* End PBXSourcesBuildPhase section */

/* Begin XCBuildConfiguration section */
		C00000000000000000000001 /* Debug */ = {
			isa = XCBuildConfiguration;
			buildSettings = {
				ALWAYS_SEARCH_USER_PATHS = NO;
				CLANG_ENABLE_MODULES = YES;
				CLANG_ENABLE_OBJC_ARC = YES;
				COPY_PHASE_STRIP = NO;
				DEBUG_INFORMATION_FORMAT = dwarf;
				ENABLE_TESTABILITY = YES;
				GCC_C_LANGUAGE_STANDARD = gnu17;
				GCC_OPTIMIZATION_LEVEL = 0;
				ONLY_ACTIVE_ARCH = YES;
				SDKROOT = iphoneos;
				SWIFT_ACTIVE_COMPILATION_CONDITIONS = "DEBUG $(inherited)";
				SWIFT_OPTIMIZATION_LEVEL = "-Onone";
			};
			name = Debug;
		};
		C00000000000000000000002 /* Release */ = {
			isa = XCBuildConfiguration;
			buildSettings = {
				ALWAYS_SEARCH_USER_PATHS = NO;
				CLANG_ENABLE_MODULES = YES;
				CLANG_ENABLE_OBJC_ARC = YES;
				COPY_PHASE_STRIP = YES;
				DEBUG_INFORMATION_FORMAT = "dwarf-with-dsym";
				GCC_C_LANGUAGE_STANDARD = gnu17;
				SDKROOT = iphoneos;
				SWIFT_COMPILATION_MODE = wholemodule;
				SWIFT_OPTIMIZATION_LEVEL = "-O";
			};
			name = Release;
		};
		C00000000000000000000003 /* Debug */ = {
			isa = XCBuildConfiguration;
			buildSettings = {
				ARCHS = arm64;
				CODE_SIGN_STYLE = Automatic;
				CURRENT_PROJECT_VERSION = 1;
				DEVELOPMENT_TEAM = "";
				ENABLE_PREVIEWS = YES;
				GENERATE_INFOPLIST_FILE = YES;
				INFOPLIST_KEY_CFBundleDisplayName = "Ghosttea Harness";
				INFOPLIST_KEY_LSApplicationCategoryType = "public.app-category.developer-tools";
				INFOPLIST_KEY_NSLocalNetworkUsageDescription = "Ghosttea Harness connects to SSH servers selected by the developer.";
				INFOPLIST_KEY_UIApplicationSceneManifest_Generation = YES;
				INFOPLIST_KEY_UILaunchScreen_Generation = YES;
				INFOPLIST_KEY_UISupportedInterfaceOrientations = "UIInterfaceOrientationPortrait UIInterfaceOrientationPortraitUpsideDown UIInterfaceOrientationLandscapeLeft UIInterfaceOrientationLandscapeRight";
				IPHONEOS_DEPLOYMENT_TARGET = 18.1;
				LD_RUNPATH_SEARCH_PATHS = "$(inherited) @executable_path/Frameworks";
				MARKETING_VERSION = 0.1;
				PRODUCT_BUNDLE_IDENTIFIER = com.vibecook.GhostteaHarness;
				PRODUCT_NAME = "$(TARGET_NAME)";
				SUPPORTED_PLATFORMS = "iphoneos iphonesimulator";
				SUPPORTS_MACCATALYST = NO;
				SWIFT_STRICT_CONCURRENCY = complete;
				SWIFT_VERSION = 6.0;
				TARGETED_DEVICE_FAMILY = "1,2";
			};
			name = Debug;
		};
		C00000000000000000000004 /* Release */ = {
			isa = XCBuildConfiguration;
			buildSettings = {
				ARCHS = arm64;
				CODE_SIGN_STYLE = Automatic;
				CURRENT_PROJECT_VERSION = 1;
				DEVELOPMENT_TEAM = "";
				GENERATE_INFOPLIST_FILE = YES;
				INFOPLIST_KEY_CFBundleDisplayName = "Ghosttea Harness";
				INFOPLIST_KEY_LSApplicationCategoryType = "public.app-category.developer-tools";
				INFOPLIST_KEY_NSLocalNetworkUsageDescription = "Ghosttea Harness connects to SSH servers selected by the developer.";
				INFOPLIST_KEY_UIApplicationSceneManifest_Generation = YES;
				INFOPLIST_KEY_UILaunchScreen_Generation = YES;
				INFOPLIST_KEY_UISupportedInterfaceOrientations = "UIInterfaceOrientationPortrait UIInterfaceOrientationPortraitUpsideDown UIInterfaceOrientationLandscapeLeft UIInterfaceOrientationLandscapeRight";
				IPHONEOS_DEPLOYMENT_TARGET = 18.1;
				LD_RUNPATH_SEARCH_PATHS = "$(inherited) @executable_path/Frameworks";
				MARKETING_VERSION = 0.1;
				PRODUCT_BUNDLE_IDENTIFIER = com.vibecook.GhostteaHarness;
				PRODUCT_NAME = "$(TARGET_NAME)";
				SUPPORTED_PLATFORMS = "iphoneos iphonesimulator";
				SUPPORTS_MACCATALYST = NO;
				SWIFT_STRICT_CONCURRENCY = complete;
				SWIFT_VERSION = 6.0;
				TARGETED_DEVICE_FAMILY = "1,2";
				VALIDATE_PRODUCT = YES;
			};
			name = Release;
		};
/* End XCBuildConfiguration section */

/* Begin XCConfigurationList section */
		900000000000000000000001 /* Build configuration list for PBXProject "GhostteaHarness" */ = {
			isa = XCConfigurationList;
			buildConfigurations = (
				C00000000000000000000001 /* Debug */,
				C00000000000000000000002 /* Release */,
			);
			defaultConfigurationIsVisible = 0;
			defaultConfigurationName = Release;
		};
		900000000000000000000002 /* Build configuration list for PBXNativeTarget "GhostteaHarness" */ = {
			isa = XCConfigurationList;
			buildConfigurations = (
				C00000000000000000000003 /* Debug */,
				C00000000000000000000004 /* Release */,
			);
			defaultConfigurationIsVisible = 0;
			defaultConfigurationName = Release;
		};
/* End XCConfigurationList section */

/* Begin XCLocalSwiftPackageReference section */
		B00000000000000000000001 /* XCLocalSwiftPackageReference "GhostteaKit" */ = {
			isa = XCLocalSwiftPackageReference;
			relativePath = ../GhostteaKit;
		};
/* End XCLocalSwiftPackageReference section */

/* Begin XCSwiftPackageProductDependency section */
		A00000000000000000000001 /* GhosttyVtProof */ = {
			isa = XCSwiftPackageProductDependency;
			package = B00000000000000000000001 /* XCLocalSwiftPackageReference "GhostteaKit" */;
			productName = GhosttyVtProof;
		};
		A00000000000000000000002 /* GhostteaSSH */ = {
			isa = XCSwiftPackageProductDependency;
			package = B00000000000000000000001 /* XCLocalSwiftPackageReference "GhostteaKit" */;
			productName = GhostteaSSH;
		};
		A00000000000000000000003 /* GhostteaCredentials */ = {
			isa = XCSwiftPackageProductDependency;
			package = B00000000000000000000001 /* XCLocalSwiftPackageReference "GhostteaKit" */;
			productName = GhostteaCredentials;
		};
		A00000000000000000000004 /* GhostteaFontProof */ = {
			isa = XCSwiftPackageProductDependency;
			package = B00000000000000000000001 /* XCLocalSwiftPackageReference "GhostteaKit" */;
			productName = GhostteaFontProof;
		};
		A00000000000000000000005 /* GhostteaCore */ = {
			isa = XCSwiftPackageProductDependency;
			package = B00000000000000000000001 /* XCLocalSwiftPackageReference "GhostteaKit" */;
			productName = GhostteaCore;
		};
		A00000000000000000000006 /* GhostteaTerminal */ = {
			isa = XCSwiftPackageProductDependency;
			package = B00000000000000000000001 /* XCLocalSwiftPackageReference "GhostteaKit" */;
			productName = GhostteaTerminal;
		};
		A00000000000000000000007 /* GhostteaSession */ = {
			isa = XCSwiftPackageProductDependency;
			package = B00000000000000000000001 /* XCLocalSwiftPackageReference "GhostteaKit" */;
			productName = GhostteaSession;
		};
		A00000000000000000000008 /* GhostteaWorkspace */ = {
			isa = XCSwiftPackageProductDependency;
			package = B00000000000000000000001 /* XCLocalSwiftPackageReference "GhostteaKit" */;
			productName = GhostteaWorkspace;
		};
		A00000000000000000000009 /* GhostteaWorkspaceUI */ = {
			isa = XCSwiftPackageProductDependency;
			package = B00000000000000000000001 /* XCLocalSwiftPackageReference "GhostteaKit" */;
			productName = GhostteaWorkspaceUI;
		};
		A00000000000000000000010 /* GhostteaSSHWorkspace */ = {
			isa = XCSwiftPackageProductDependency;
			package = B00000000000000000000001 /* XCLocalSwiftPackageReference "GhostteaKit" */;
			productName = GhostteaSSHWorkspace;
		};
		A00000000000000000000011 /* GhostteaConnectionProfiles */ = {
			isa = XCSwiftPackageProductDependency;
			package = B00000000000000000000001 /* XCLocalSwiftPackageReference "GhostteaKit" */;
			productName = GhostteaConnectionProfiles;
		};
		A00000000000000000000012 /* GhostteaConnectionProfilesUI */ = {
			isa = XCSwiftPackageProductDependency;
			package = B00000000000000000000001 /* XCLocalSwiftPackageReference "GhostteaKit" */;
			productName = GhostteaConnectionProfilesUI;
		};
/* End XCSwiftPackageProductDependency section */
	};
	rootObject = 800000000000000000000001 /* Project object */;
}
